
Microsoft Visual Studio Solution File, Format Version 12.00
# Visual Studio Version 16
VisualStudioVersion = 16.0.32510.428
MinimumVisualStudioVersion = 10.0.40219.1
Project("{FAE04EC0-301F-11D3-BF4B-00C04F79EFBC}") = "major_project_login_day_2", "major_project_login_day_2.csproj", "{A237BB5E-14DF-413F-B830-741143159F6C}"
EndProject
Project("{FAE04EC0-301F-11D3-BF4B-00C04F79EFBC}") = "MAIN FINAL PROJECT", "..\MAIN FINAL PROJECT\MAIN FINAL PROJECT.csproj", "{FF358D2D-763A-4BEE-9DE9-EC444B12A24D}"
EndProject
Global
	GlobalSection(SolutionConfigurationPlatforms) = preSolution
		Debug|Any CPU = Debug|Any CPU
		Release|Any CPU = Release|Any CPU
	EndGlobalSection
	GlobalSection(ProjectConfigurationPlatforms) = postSolution
		{A237BB5E-14DF-413F-B830-741143159F6C}.Debug|Any CPU.ActiveCfg = Debug|Any CPU
		{A237BB5E-14DF-413F-B830-741143159F6C}.Debug|Any CPU.Build.0 = Debug|Any CPU
		{A237BB5E-14DF-413F-B830-741143159F6C}.Release|Any CPU.ActiveCfg = Release|Any CPU
		{A237BB5E-14DF-413F-B830-741143159F6C}.Release|Any CPU.Build.0 = Release|Any CPU
		{FF358D2D-763A-4BEE-9DE9-EC444B12A24D}.Debug|Any CPU.ActiveCfg = Debug|Any CPU
		{FF358D2D-763A-4BEE-9DE9-EC444B12A24D}.Debug|Any CPU.Build.0 = Debug|Any CPU
		{FF358D2D-763A-4BEE-9DE9-EC444B12A24D}.Release|Any CPU.ActiveCfg = Release|Any CPU
		{FF358D2D-763A-4BEE-9DE9-EC444B12A24D}.Release|Any CPU.Build.0 = Release|Any CPU
	EndGlobalSection
	GlobalSection(SolutionProperties) = preSolution
		HideSolutionNode = FALSE
	EndGlobalSection
	GlobalSection(ExtensibilityGlobals) = postSolution
		SolutionGuid = {26330A6D-C0AE-4689-A0D7-B009D7522F75}
	EndGlobalSection
EndGlobal
